
Microsoft Visual Studio Solution File, Format Version 12.00
# Visual Studio Version 16
VisualStudioVersion = 16.0.30804.86
MinimumVisualStudioVersion = 10.0.40219.1
Project("{8BC9CEB8-8B4A-11D0-8D11-00A0C91BC942}") = "SK-Inlide-Function__CPP", "SK-Inlide-Function__CPP\SK-Inlide-Function__CPP.vcxproj", "{8F7F6297-7792-4A56-B696-07E9CAD090B8}"
EndProject
Global
	GlobalSection(SolutionConfigurationPlatforms) = preSolution
		Debug|x64 = Debug|x64
		Debug|x86 = Debug|x86
		Release|x64 = Release|x64
		Release|x86 = Release|x86
	EndGlobalSection
	GlobalSection(ProjectConfigurationPlatforms) = postSolution
		{8F7F6297-7792-4A56-B696-07E9CAD090B8}.Debug|x64.ActiveCfg = Debug|x64
		{8F7F6297-7792-4A56-B696-07E9CAD090B8}.Debug|x64.Build.0 = Debug|x64
		{8F7F6297-7792-4A56-B696-07E9CAD090B8}.Debug|x86.ActiveCfg = Debug|Win32
		{8F7F6297-7792-4A56-B696-07E9CAD090B8}.Debug|x86.Build.0 = Debug|Win32
		{8F7F6297-7792-4A56-B696-07E9CAD090B8}.Release|x64.ActiveCfg = Release|x64
		{8F7F6297-7792-4A56-B696-07E9CAD090B8}.Release|x64.Build.0 = Release|x64
		{8F7F6297-7792-4A56-B696-07E9CAD090B8}.Release|x86.ActiveCfg = Release|Win32
		{8F7F6297-7792-4A56-B696-07E9CAD090B8}.Release|x86.Build.0 = Release|Win32
	EndGlobalSection
	GlobalSection(SolutionProperties) = preSolution
		HideSolutionNode = FALSE
	EndGlobalSection
	GlobalSection(ExtensibilityGlobals) = postSolution
		SolutionGuid = {D9B05F28-9123-48E8-BA12-81E1E8622C14}
	EndGlobalSection
EndGlobal
